
Microsoft Visual Studio Solution File, Format Version 12.00
# Visual Studio 2013
VisualStudioVersion = 12.0.21005.1
MinimumVisualStudioVersion = 10.0.40219.1
Project("{2150E333-8FDC-42A3-9474-1A3956D46DE8}") = ".nuget", ".nuget", "{F3CC7611-0B87-4523-935F-26094F678DA6}"
	ProjectSection(SolutionItems) = preProject
		.nuget\NuGet.Config = .nuget\NuGet.Config
	EndProjectSection
EndProject
Project("{FAE04EC0-301F-11D3-BF4B-00C04F79EFBC}") = "Core", "clrplus\Core\Core.csproj", "{C8506264-EE4F-442C-B2C3-4C0BD4975A2A}"
	ProjectSection(ProjectDependencies) = postProject
		{1A8EA6FB-0759-4AAC-8E3D-8600C6049B1C} = {1A8EA6FB-0759-4AAC-8E3D-8600C6049B1C}
	EndProjectSection
EndProject
Project("{FAE04EC0-301F-11D3-BF4B-00C04F79EFBC}") = "CommandLine", "clrplus\CommandLine\CommandLine.csproj", "{ADA38685-3098-4E37-8BBE-DEA52091661D}"
	ProjectSection(ProjectDependencies) = postProject
		{1A8EA6FB-0759-4AAC-8E3D-8600C6049B1C} = {1A8EA6FB-0759-4AAC-8E3D-8600C6049B1C}
	EndProjectSection
EndProject
Project("{FAE04EC0-301F-11D3-BF4B-00C04F79EFBC}") = "Console", "clrplus\Console\Console.csproj", "{3E837162-D077-448D-A602-2D7047DF8974}"
EndProject
Project("{FAE04EC0-301F-11D3-BF4B-00C04F79EFBC}") = "Crypto", "clrplus\Crypto\Crypto.csproj", "{764F906D-D4EA-418F-AF46-D3BEF54097CB}"
EndProject
Project("{FAE04EC0-301F-11D3-BF4B-00C04F79EFBC}") = "Windows.Debugging", "clrplus\Windows.Debugging\Windows.Debugging.csproj", "{53608511-16FC-4390-B0C2-94CAEE6090E4}"
EndProject
Project("{FAE04EC0-301F-11D3-BF4B-00C04F79EFBC}") = "Networking", "clrplus\Networking\Networking.csproj", "{331511E1-3A2F-4494-AD8C-C5E86724324F}"
EndProject
Project("{FAE04EC0-301F-11D3-BF4B-00C04F79EFBC}") = "Platform", "clrplus\Platform\Platform.csproj", "{BD607D7F-AD3F-4819-B1E5-F6A01D3CDE1C}"
EndProject
Project("{FAE04EC0-301F-11D3-BF4B-00C04F79EFBC}") = "Windows.PeBinary", "clrplus\Windows.PeBinary\Windows.PeBinary.csproj", "{B1BD48CC-CAAE-4D32-A011-C77BB23DF156}"
EndProject
Project("{FAE04EC0-301F-11D3-BF4B-00C04F79EFBC}") = "Windows.Api", "clrplus\Windows.Api\Windows.Api.csproj", "{84C32936-45B7-42C0-A94D-562EADC7A779}"
EndProject
Project("{FAE04EC0-301F-11D3-BF4B-00C04F79EFBC}") = "Remoting", "clrplus\Remoting\Remoting.csproj", "{929BB6D8-D64E-483F-84F8-D9613F2853B1}"
EndProject
Project("{FAE04EC0-301F-11D3-BF4B-00C04F79EFBC}") = "Scripting", "clrplus\Scripting\Scripting.csproj", "{1F5667A0-2FCE-43F8-9814-0EB1F6C9D8DC}"
EndProject
Project("{FAE04EC0-301F-11D3-BF4B-00C04F79EFBC}") = "Powershell.Core", "clrplus\Powershell.Core\Powershell.Core.csproj", "{DF38AA27-E211-4A3C-A3AB-ADD32347A25A}"
EndProject
Project("{FAE04EC0-301F-11D3-BF4B-00C04F79EFBC}") = "Powershell.Azure", "clrplus\Powershell.Azure\Powershell.Azure.csproj", "{B172EE7F-7E84-4111-992C-E3A125E194F6}"
EndProject
Project("{FAE04EC0-301F-11D3-BF4B-00C04F79EFBC}") = "Powershell.Provider", "clrplus\Powershell.Provider\Powershell.Provider.csproj", "{B444DAB8-9A7E-4B87-BE31-B1A565964786}"
EndProject
Project("{FAE04EC0-301F-11D3-BF4B-00C04F79EFBC}") = "Z_scratch", "clrplus\Scratch\Z_scratch.csproj", "{57F7C9FC-8024-4A3D-9513-F1030644BE35}"
EndProject
Project("{FAE04EC0-301F-11D3-BF4B-00C04F79EFBC}") = "Scripting.MsBuild", "clrplus\Scripting.MsBuild\Scripting.MsBuild.csproj", "{123467A0-2FCE-43F8-9814-0EB1F6C91234}"
EndProject
Project("{FAE04EC0-301F-11D3-BF4B-00C04F79EFBC}") = "CoApp.Powershell.Tools", "CoApp.Powershell\CoApp.Powershell.Tools.csproj", "{C417049A-3DA0-4F3B-A561-FEAF4BE53BD3}"
	ProjectSection(ProjectDependencies) = postProject
		{3166FA4A-49A1-463C-B51B-3B297621A3F9} = {3166FA4A-49A1-463C-B51B-3B297621A3F9}
		{370AB29B-BBCD-4E04-9645-BD380C3F83B5} = {370AB29B-BBCD-4E04-9645-BD380C3F83B5}
		{1A8EA6FB-0759-4AAC-8E3D-8600C6049B1C} = {1A8EA6FB-0759-4AAC-8E3D-8600C6049B1C}
	EndProjectSection
EndProject
Project("{2150E333-8FDC-42A3-9474-1A3956D46DE8}") = "Solution Items", "Solution Items", "{8EBEBB9C-7E07-4115-82B1-C4A54D99D839}"
	ProjectSection(SolutionItems) = preProject
		version.txt = version.txt
	EndProjectSection
EndProject
Project("{FAE04EC0-301F-11D3-BF4B-00C04F79EFBC}") = "CoApp.NuGetNativeExtensions", "NativeExtensions\CoApp.NuGetNativeExtensions.csproj", "{370AB29B-BBCD-4E04-9645-BD380C3F83B5}"
	ProjectSection(ProjectDependencies) = postProject
		{1A8EA6FB-0759-4AAC-8E3D-8600C6049B1C} = {1A8EA6FB-0759-4AAC-8E3D-8600C6049B1C}
	EndProjectSection
EndProject
Project("{FAE04EC0-301F-11D3-BF4B-00C04F79EFBC}") = "CoApp.NuGetNativeMSBuildTasks", "NuGetNativeMSBuildTasks\CoApp.NuGetNativeMSBuildTasks.csproj", "{3166FA4A-49A1-463C-B51B-3B297621A3F9}"
	ProjectSection(ProjectDependencies) = postProject
		{1A8EA6FB-0759-4AAC-8E3D-8600C6049B1C} = {1A8EA6FB-0759-4AAC-8E3D-8600C6049B1C}
	EndProjectSection
EndProject
Project("{2150E333-8FDC-42A3-9474-1A3956D46DE8}") = "ClrPlus", "ClrPlus", "{EF32F200-4FBE-46D3-A278-D0F8CB22CDDE}"
EndProject
Project("{FAE04EC0-301F-11D3-BF4B-00C04F79EFBC}") = "Unused", "Unused\Unused.csproj", "{1A8EA6FB-0759-4AAC-8E3D-8600C6049B1C}"
EndProject
Project("{2150E333-8FDC-42A3-9474-1A3956D46DE8}") = "Solution Scripting", "Solution Scripting", "{BF77BC52-6737-4247-8DFD-3277BE9011AD}"
EndProject
Project("{2150E333-8FDC-42A3-9474-1A3956D46DE8}") = "Powershell Tools", "Powershell Tools", "{68C0CA6A-A6FF-4EB1-9B86-74203E46B157}"
EndProject
Global
	GlobalSection(SolutionConfigurationPlatforms) = preSolution
		Debug|Any CPU = Debug|Any CPU
		Release|Any CPU = Release|Any CPU
	EndGlobalSection
	GlobalSection(ProjectConfigurationPlatforms) = postSolution
		{C8506264-EE4F-442C-B2C3-4C0BD4975A2A}.Debug|Any CPU.ActiveCfg = Debug|Any CPU
		{C8506264-EE4F-442C-B2C3-4C0BD4975A2A}.Debug|Any CPU.Build.0 = Debug|Any CPU
		{C8506264-EE4F-442C-B2C3-4C0BD4975A2A}.Release|Any CPU.ActiveCfg = Release|Any CPU
		{C8506264-EE4F-442C-B2C3-4C0BD4975A2A}.Release|Any CPU.Build.0 = Release|Any CPU
		{ADA38685-3098-4E37-8BBE-DEA52091661D}.Debug|Any CPU.ActiveCfg = Debug|Any CPU
		{ADA38685-3098-4E37-8BBE-DEA52091661D}.Debug|Any CPU.Build.0 = Debug|Any CPU
		{ADA38685-3098-4E37-8BBE-DEA52091661D}.Release|Any CPU.ActiveCfg = Release|Any CPU
		{ADA38685-3098-4E37-8BBE-DEA52091661D}.Release|Any CPU.Build.0 = Release|Any CPU
		{3E837162-D077-448D-A602-2D7047DF8974}.Debug|Any CPU.ActiveCfg = Debug|Any CPU
		{3E837162-D077-448D-A602-2D7047DF8974}.Debug|Any CPU.Build.0 = Debug|Any CPU
		{3E837162-D077-448D-A602-2D7047DF8974}.Release|Any CPU.ActiveCfg = Release|Any CPU
		{3E837162-D077-448D-A602-2D7047DF8974}.Release|Any CPU.Build.0 = Release|Any CPU
		{764F906D-D4EA-418F-AF46-D3BEF54097CB}.Debug|Any CPU.ActiveCfg = Debug|Any CPU
		{764F906D-D4EA-418F-AF46-D3BEF54097CB}.Debug|Any CPU.Build.0 = Debug|Any CPU
		{764F906D-D4EA-418F-AF46-D3BEF54097CB}.Release|Any CPU.ActiveCfg = Release|Any CPU
		{764F906D-D4EA-418F-AF46-D3BEF54097CB}.Release|Any CPU.Build.0 = Release|Any CPU
		{53608511-16FC-4390-B0C2-94CAEE6090E4}.Debug|Any CPU.ActiveCfg = Debug|Any CPU
		{53608511-16FC-4390-B0C2-94CAEE6090E4}.Debug|Any CPU.Build.0 = Debug|Any CPU
		{53608511-16FC-4390-B0C2-94CAEE6090E4}.Release|Any CPU.ActiveCfg = Release|Any CPU
		{53608511-16FC-4390-B0C2-94CAEE6090E4}.Release|Any CPU.Build.0 = Release|Any CPU
		{331511E1-3A2F-4494-AD8C-C5E86724324F}.Debug|Any CPU.ActiveCfg = Debug|Any CPU
		{331511E1-3A2F-4494-AD8C-C5E86724324F}.Debug|Any CPU.Build.0 = Debug|Any CPU
		{331511E1-3A2F-4494-AD8C-C5E86724324F}.Release|Any CPU.ActiveCfg = Release|Any CPU
		{331511E1-3A2F-4494-AD8C-C5E86724324F}.Release|Any CPU.Build.0 = Release|Any CPU
		{BD607D7F-AD3F-4819-B1E5-F6A01D3CDE1C}.Debug|Any CPU.ActiveCfg = Debug|Any CPU
		{BD607D7F-AD3F-4819-B1E5-F6A01D3CDE1C}.Debug|Any CPU.Build.0 = Debug|Any CPU
		{BD607D7F-AD3F-4819-B1E5-F6A01D3CDE1C}.Release|Any CPU.ActiveCfg = Release|Any CPU
		{BD607D7F-AD3F-4819-B1E5-F6A01D3CDE1C}.Release|Any CPU.Build.0 = Release|Any CPU
		{B1BD48CC-CAAE-4D32-A011-C77BB23DF156}.Debug|Any CPU.ActiveCfg = Debug|Any CPU
		{B1BD48CC-CAAE-4D32-A011-C77BB23DF156}.Debug|Any CPU.Build.0 = Debug|Any CPU
		{B1BD48CC-CAAE-4D32-A011-C77BB23DF156}.Release|Any CPU.ActiveCfg = Release|Any CPU
		{B1BD48CC-CAAE-4D32-A011-C77BB23DF156}.Release|Any CPU.Build.0 = Release|Any CPU
		{84C32936-45B7-42C0-A94D-562EADC7A779}.Debug|Any CPU.ActiveCfg = Debug|Any CPU
		{84C32936-45B7-42C0-A94D-562EADC7A779}.Debug|Any CPU.Build.0 = Debug|Any CPU
		{84C32936-45B7-42C0-A94D-562EADC7A779}.Release|Any CPU.ActiveCfg = Release|Any CPU
		{84C32936-45B7-42C0-A94D-562EADC7A779}.Release|Any CPU.Build.0 = Release|Any CPU
		{929BB6D8-D64E-483F-84F8-D9613F2853B1}.Debug|Any CPU.ActiveCfg = Debug|Any CPU
		{929BB6D8-D64E-483F-84F8-D9613F2853B1}.Debug|Any CPU.Build.0 = Debug|Any CPU
		{929BB6D8-D64E-483F-84F8-D9613F2853B1}.Release|Any CPU.ActiveCfg = Release|Any CPU
		{929BB6D8-D64E-483F-84F8-D9613F2853B1}.Release|Any CPU.Build.0 = Release|Any CPU
		{1F5667A0-2FCE-43F8-9814-0EB1F6C9D8DC}.Debug|Any CPU.ActiveCfg = Debug|Any CPU
		{1F5667A0-2FCE-43F8-9814-0EB1F6C9D8DC}.Debug|Any CPU.Build.0 = Debug|Any CPU
		{1F5667A0-2FCE-43F8-9814-0EB1F6C9D8DC}.Release|Any CPU.ActiveCfg = Release|Any CPU
		{1F5667A0-2FCE-43F8-9814-0EB1F6C9D8DC}.Release|Any CPU.Build.0 = Release|Any CPU
		{DF38AA27-E211-4A3C-A3AB-ADD32347A25A}.Debug|Any CPU.ActiveCfg = Debug|Any CPU
		{DF38AA27-E211-4A3C-A3AB-ADD32347A25A}.Debug|Any CPU.Build.0 = Debug|Any CPU
		{DF38AA27-E211-4A3C-A3AB-ADD32347A25A}.Release|Any CPU.ActiveCfg = Release|Any CPU
		{DF38AA27-E211-4A3C-A3AB-ADD32347A25A}.Release|Any CPU.Build.0 = Release|Any CPU
		{B172EE7F-7E84-4111-992C-E3A125E194F6}.Debug|Any CPU.ActiveCfg = Debug|Any CPU
		{B172EE7F-7E84-4111-992C-E3A125E194F6}.Debug|Any CPU.Build.0 = Debug|Any CPU
		{B172EE7F-7E84-4111-992C-E3A125E194F6}.Release|Any CPU.ActiveCfg = Release|Any CPU
		{B172EE7F-7E84-4111-992C-E3A125E194F6}.Release|Any CPU.Build.0 = Release|Any CPU
		{B444DAB8-9A7E-4B87-BE31-B1A565964786}.Debug|Any CPU.ActiveCfg = Debug|Any CPU
		{B444DAB8-9A7E-4B87-BE31-B1A565964786}.Debug|Any CPU.Build.0 = Debug|Any CPU
		{B444DAB8-9A7E-4B87-BE31-B1A565964786}.Release|Any CPU.ActiveCfg = Release|Any CPU
		{B444DAB8-9A7E-4B87-BE31-B1A565964786}.Release|Any CPU.Build.0 = Release|Any CPU
		{57F7C9FC-8024-4A3D-9513-F1030644BE35}.Debug|Any CPU.ActiveCfg = Debug|Any CPU
		{57F7C9FC-8024-4A3D-9513-F1030644BE35}.Debug|Any CPU.Build.0 = Debug|Any CPU
		{57F7C9FC-8024-4A3D-9513-F1030644BE35}.Release|Any CPU.ActiveCfg = Release|Any CPU
		{57F7C9FC-8024-4A3D-9513-F1030644BE35}.Release|Any CPU.Build.0 = Release|Any CPU
		{123467A0-2FCE-43F8-9814-0EB1F6C91234}.Debug|Any CPU.ActiveCfg = Debug|Any CPU
		{123467A0-2FCE-43F8-9814-0EB1F6C91234}.Debug|Any CPU.Build.0 = Debug|Any CPU
		{123467A0-2FCE-43F8-9814-0EB1F6C91234}.Release|Any CPU.ActiveCfg = Release|Any CPU
		{123467A0-2FCE-43F8-9814-0EB1F6C91234}.Release|Any CPU.Build.0 = Release|Any CPU
		{C417049A-3DA0-4F3B-A561-FEAF4BE53BD3}.Debug|Any CPU.ActiveCfg = Debug|Any CPU
		{C417049A-3DA0-4F3B-A561-FEAF4BE53BD3}.Debug|Any CPU.Build.0 = Debug|Any CPU
		{C417049A-3DA0-4F3B-A561-FEAF4BE53BD3}.Release|Any CPU.ActiveCfg = Release|Any CPU
		{C417049A-3DA0-4F3B-A561-FEAF4BE53BD3}.Release|Any CPU.Build.0 = Release|Any CPU
		{370AB29B-BBCD-4E04-9645-BD380C3F83B5}.Debug|Any CPU.ActiveCfg = Debug|Any CPU
		{370AB29B-BBCD-4E04-9645-BD380C3F83B5}.Debug|Any CPU.Build.0 = Debug|Any CPU
		{370AB29B-BBCD-4E04-9645-BD380C3F83B5}.Release|Any CPU.ActiveCfg = Release|Any CPU
		{370AB29B-BBCD-4E04-9645-BD380C3F83B5}.Release|Any CPU.Build.0 = Release|Any CPU
		{3166FA4A-49A1-463C-B51B-3B297621A3F9}.Debug|Any CPU.ActiveCfg = Debug|Any CPU
		{3166FA4A-49A1-463C-B51B-3B297621A3F9}.Debug|Any CPU.Build.0 = Debug|Any CPU
		{3166FA4A-49A1-463C-B51B-3B297621A3F9}.Release|Any CPU.ActiveCfg = Release|Any CPU
		{3166FA4A-49A1-463C-B51B-3B297621A3F9}.Release|Any CPU.Build.0 = Release|Any CPU
		{1A8EA6FB-0759-4AAC-8E3D-8600C6049B1C}.Debug|Any CPU.ActiveCfg = Debug|Any CPU
		{1A8EA6FB-0759-4AAC-8E3D-8600C6049B1C}.Debug|Any CPU.Build.0 = Debug|Any CPU
		{1A8EA6FB-0759-4AAC-8E3D-8600C6049B1C}.Release|Any CPU.ActiveCfg = Release|Any CPU
		{1A8EA6FB-0759-4AAC-8E3D-8600C6049B1C}.Release|Any CPU.Build.0 = Release|Any CPU
	EndGlobalSection
	GlobalSection(SolutionProperties) = preSolution
		HideSolutionNode = FALSE
	EndGlobalSection
	GlobalSection(NestedProjects) = preSolution
		{ADA38685-3098-4E37-8BBE-DEA52091661D} = {EF32F200-4FBE-46D3-A278-D0F8CB22CDDE}
		{3E837162-D077-448D-A602-2D7047DF8974} = {EF32F200-4FBE-46D3-A278-D0F8CB22CDDE}
		{764F906D-D4EA-418F-AF46-D3BEF54097CB} = {EF32F200-4FBE-46D3-A278-D0F8CB22CDDE}
		{53608511-16FC-4390-B0C2-94CAEE6090E4} = {EF32F200-4FBE-46D3-A278-D0F8CB22CDDE}
		{331511E1-3A2F-4494-AD8C-C5E86724324F} = {EF32F200-4FBE-46D3-A278-D0F8CB22CDDE}
		{BD607D7F-AD3F-4819-B1E5-F6A01D3CDE1C} = {EF32F200-4FBE-46D3-A278-D0F8CB22CDDE}
		{B1BD48CC-CAAE-4D32-A011-C77BB23DF156} = {EF32F200-4FBE-46D3-A278-D0F8CB22CDDE}
		{84C32936-45B7-42C0-A94D-562EADC7A779} = {EF32F200-4FBE-46D3-A278-D0F8CB22CDDE}
		{929BB6D8-D64E-483F-84F8-D9613F2853B1} = {EF32F200-4FBE-46D3-A278-D0F8CB22CDDE}
		{1F5667A0-2FCE-43F8-9814-0EB1F6C9D8DC} = {EF32F200-4FBE-46D3-A278-D0F8CB22CDDE}
		{DF38AA27-E211-4A3C-A3AB-ADD32347A25A} = {EF32F200-4FBE-46D3-A278-D0F8CB22CDDE}
		{B172EE7F-7E84-4111-992C-E3A125E194F6} = {EF32F200-4FBE-46D3-A278-D0F8CB22CDDE}
		{B444DAB8-9A7E-4B87-BE31-B1A565964786} = {EF32F200-4FBE-46D3-A278-D0F8CB22CDDE}
		{57F7C9FC-8024-4A3D-9513-F1030644BE35} = {EF32F200-4FBE-46D3-A278-D0F8CB22CDDE}
		{123467A0-2FCE-43F8-9814-0EB1F6C91234} = {EF32F200-4FBE-46D3-A278-D0F8CB22CDDE}
		{C8506264-EE4F-442C-B2C3-4C0BD4975A2A} = {EF32F200-4FBE-46D3-A278-D0F8CB22CDDE}
		{370AB29B-BBCD-4E04-9645-BD380C3F83B5} = {68C0CA6A-A6FF-4EB1-9B86-74203E46B157}
		{3166FA4A-49A1-463C-B51B-3B297621A3F9} = {68C0CA6A-A6FF-4EB1-9B86-74203E46B157}
		{C417049A-3DA0-4F3B-A561-FEAF4BE53BD3} = {68C0CA6A-A6FF-4EB1-9B86-74203E46B157}
		{1A8EA6FB-0759-4AAC-8E3D-8600C6049B1C} = {BF77BC52-6737-4247-8DFD-3277BE9011AD}
	EndGlobalSection
EndGlobal
